{
	"name": "hx-js",
	"lockfileVersion": 3,
	"requires": true,
	"packages": {
		"": {
			"workspaces": [
				"hx-request",
				"hx-response",
				"hx-project",
				"hx"
			],
			"devDependencies": {
				"prettier": "^3.2.5",
				"typescript": "^5.4.5"
			}
		},
		"hx": {
			"version": "0.1.0",
			"license": "BSD-3-Clause"
		},
		"hx-project": {
			"version": "0.1.0",
			"license": "BSD-3-Clause"
		},
		"hx-request": {
			"version": "0.1.0",
			"license": "BSD-3-Clause"
		},
		"hx-response": {
			"version": "0.1.0",
			"license": "BSD-3-Clause"
		},
		"node_modules/hx": {
			"resolved": "hx",
			"link": true
		},
		"node_modules/hx-project": {
			"resolved": "hx-project",
			"link": true
		},
		"node_modules/hx-request": {
			"resolved": "hx-request",
			"link": true
		},
		"node_modules/hx-response": {
			"resolved": "hx-response",
			"link": true
		},
		"node_modules/prettier": {
			"version": "3.3.3",
			"resolved": "https://registry.npmjs.org/prettier/-/prettier-3.3.3.tgz",
			"integrity": "sha512-i2tDNA0O5IrMO757lfrdQZCc2jPNDVntV0m/+4whiDfWaTKfMNgR7Qz0NAeGz/nRqF4m5/6CLzbP4/liHt12Ew==",
			"dev": true,
			"license": "MIT",
			"bin": {
				"prettier": "bin/prettier.cjs"
			},
			"engines": {
				"node": ">=14"
			},
			"funding": {
				"url": "https://github.com/prettier/prettier?sponsor=1"
			}
		},
		"node_modules/typescript": {
			"version": "5.6.3",
			"resolved": "https://registry.npmjs.org/typescript/-/typescript-5.6.3.tgz",
			"integrity": "sha512-hjcS1mhfuyi4WW8IWtjP7brDrG2cuDZukyrYrSauoXGNgx0S7zceP07adYkJycEr56BOUTNPzbInooiN3fn1qw==",
			"dev": true,
			"license": "Apache-2.0",
			"bin": {
				"tsc": "bin/tsc",
				"tsserver": "bin/tsserver"
			},
			"engines": {
				"node": ">=14.17"
			}
		}
	}
}
